Microsoft Visual Studio Solution File, Format Version 11.00
# Visual Studio 2010
Project("{FAE04EC0-301F-11D3-BF4B-00C04F79EFBC}") = "SilverlightApplication1", "SilverlightApplication1\SilverlightApplication1.csproj", "{CE6049B9-58A6-4AF2-A5B4-EFF64A54CEDC}"
EndProject
Project("{FAE04EC0-301F-11D3-BF4B-00C04F79EFBC}") = "SilverlightApplication1.Web", "SilverlightApplication1.Web\SilverlightApplication1.Web.csproj", "{14E0E02D-DCCF-44A6-9DDC-B54CCBAAA203}"
EndProject
Global
	GlobalSection(SolutionConfigurationPlatforms) = preSolution
		Debug|Any CPU = Debug|Any CPU
		Release|Any CPU = Release|Any CPU
	EndGlobalSection
	GlobalSection(ProjectConfigurationPlatforms) = postSolution
		{CE6049B9-58A6-4AF2-A5B4-EFF64A54CEDC}.Debug|Any CPU.ActiveCfg = Debug|Any CPU
		{CE6049B9-58A6-4AF2-A5B4-EFF64A54CEDC}.Debug|Any CPU.Build.0 = Debug|Any CPU
		{CE6049B9-58A6-4AF2-A5B4-EFF64A54CEDC}.Release|Any CPU.ActiveCfg = Release|Any CPU
		{CE6049B9-58A6-4AF2-A5B4-EFF64A54CEDC}.Release|Any CPU.Build.0 = Release|Any CPU
		{14E0E02D-DCCF-44A6-9DDC-B54CCBAAA203}.Debug|Any CPU.ActiveCfg = Debug|Any CPU
		{14E0E02D-DCCF-44A6-9DDC-B54CCBAAA203}.Debug|Any CPU.Build.0 = Debug|Any CPU
		{14E0E02D-DCCF-44A6-9DDC-B54CCBAAA203}.Release|Any CPU.ActiveCfg = Release|Any CPU
		{14E0E02D-DCCF-44A6-9DDC-B54CCBAAA203}.Release|Any CPU.Build.0 = Release|Any CPU
	EndGlobalSection
	GlobalSection(SolutionProperties) = preSolution
		HideSolutionNode = FALSE
	EndGlobalSection
EndGlobal
